// !$*UTF8*$!
{
	archiveVersion = 1;
	classes = {
	};
	objectVersion = 55;
	objects = {

/* Begin PBXBuildFile section */
		051D006F291E1F090061FCF4 /* Pods_WidgetBus.framework in Frameworks */ = {isa = PBXBuildFile; fileRef = FBA6996637A95E6D10EC4705 /* Pods_WidgetBus.framework */; };
		0547490D291E22A100DACC91 /* GroupListViewContoller.swift in Sources */ = {isa = PBXBuildFile; fileRef = 0547490C291E22A100DACC91 /* GroupListViewContoller.swift */; };
		0547490F2920EF1700DACC91 /* SettingViewController.swift in Sources */ = {isa = PBXBuildFile; fileRef = 0547490E2920EF1700DACC91 /* SettingViewController.swift */; };
		05474911292124F200DACC91 /* AddGroupListNameView.swift in Sources */ = {isa = PBXBuildFile; fileRef = 05474910292124F200DACC91 /* AddGroupListNameView.swift */; };
		054749132921612200DACC91 /* GroupTableViewCell.swift in Sources */ = {isa = PBXBuildFile; fileRef = 054749122921612200DACC91 /* GroupTableViewCell.swift */; };
		05474915292170AD00DACC91 /* AddGroupTableViewCell.swift in Sources */ = {isa = PBXBuildFile; fileRef = 05474914292170AD00DACC91 /* AddGroupTableViewCell.swift */; };
		1C6644B86924D9EECF957A96 /* Pods_WidgetBus_WidgetBusUITests.framework in Frameworks */ = {isa = PBXBuildFile; fileRef = A7432563FC3979F2A211FE77 /* Pods_WidgetBus_WidgetBusUITests.framework */; };
		2D7D86A573430533DAECD5C8 /* Pods_WidgetBusTests.framework in Frameworks */ = {isa = PBXBuildFile; fileRef = F7114B61860A7522DA2A7FF0 /* Pods_WidgetBusTests.framework */; settings = {ATTRIBUTES = (Required, ); }; };
		C16920612907B75C0021D17F /* AppDelegate.swift in Sources */ = {isa = PBXBuildFile; fileRef = C16920602907B75C0021D17F /* AppDelegate.swift */; };
		C16920632907B75C0021D17F /* SceneDelegate.swift in Sources */ = {isa = PBXBuildFile; fileRef = C16920622907B75C0021D17F /* SceneDelegate.swift */; };
		C16920652907B75C0021D17F /* ViewController.swift in Sources */ = {isa = PBXBuildFile; fileRef = C16920642907B75C0021D17F /* ViewController.swift */; };
		C169206B2907B75C0021D17F /* WidgetBus.xcdatamodeld in Sources */ = {isa = PBXBuildFile; fileRef = C16920692907B75C0021D17F /* WidgetBus.xcdatamodeld */; };
		C169206D2907B75D0021D17F /* Assets.xcassets in Resources */ = {isa = PBXBuildFile; fileRef = C169206C2907B75D0021D17F /* Assets.xcassets */; };
		C16920702907B75D0021D17F /* LaunchScreen.storyboard in Resources */ = {isa = PBXBuildFile; fileRef = C169206E2907B75D0021D17F /* LaunchScreen.storyboard */; };
		C169207B2907B75D0021D17F /* WidgetBusTests.swift in Sources */ = {isa = PBXBuildFile; fileRef = C169207A2907B75D0021D17F /* WidgetBusTests.swift */; };
		C16920852907B75D0021D17F /* WidgetBusUITests.swift in Sources */ = {isa = PBXBuildFile; fileRef = C16920842907B75D0021D17F /* WidgetBusUITests.swift */; };
		C16920872907B75D0021D17F /* WidgetBusUITestsLaunchTests.swift in Sources */ = {isa = PBXBuildFile; fileRef = C16920862907B75D0021D17F /* WidgetBusUITestsLaunchTests.swift */; };
		C16920992907C38D0021D17F /* .swiftlint.yml in Resources */ = {isa = PBXBuildFile; fileRef = C16920982907C38D0021D17F /* .swiftlint.yml */; };
		CF2166D6292B59B000091E1E /* Main.storyboard in Resources */ = {isa = PBXBuildFile; fileRef = CF2166D4292B59B000091E1E /* Main.storyboard */; };
		CF251EB929227BE300785682 /* BusLocationFromBusStop.swift in Sources */ = {isa = PBXBuildFile; fileRef = CF251EB829227BE300785682 /* BusLocationFromBusStop.swift */; };
		CFD79B04291E45050091202C /* Service Key.plist in Resources */ = {isa = PBXBuildFile; fileRef = CFD79B03291E45050091202C /* Service Key.plist */; };
		CFE0A864291CCB11002779C6 /* SelectRouteNumberViewController.swift in Sources */ = {isa = PBXBuildFile; fileRef = CFE0A863291CCB11002779C6 /* SelectRouteNumberViewController.swift */; };
		CFE0A867291CCD15002779C6 /* ArriveInfoFromBusStop.swift in Sources */ = {isa = PBXBuildFile; fileRef = CFE0A866291CCD15002779C6 /* ArriveInfoFromBusStop.swift */; };
		CFE0A869291CCEB2002779C6 /* RouteNumberViewStoryboard.storyboard in Resources */ = {isa = PBXBuildFile; fileRef = CFE0A868291CCEB2002779C6 /* RouteNumberViewStoryboard.storyboard */; };
		CFE0A86B291CD484002779C6 /* BusClient.swift in Sources */ = {isa = PBXBuildFile; fileRef = CFE0A86A291CD484002779C6 /* BusClient.swift */; };
		CFEF488329235B860037BBBA /* RouteNodes.swift in Sources */ = {isa = PBXBuildFile; fileRef = CFEF488229235B860037BBBA /* RouteNodes.swift */; };
		D7103DF4292218E900DA7CDD /* UIColor+.swift in Sources */ = {isa = PBXBuildFile; fileRef = D7103DF3292218E900DA7CDD /* UIColor+.swift */; };
		D784807E291D156A009F8FDB /* RouteListViewController.swift in Sources */ = {isa = PBXBuildFile; fileRef = D784807D291D156A009F8FDB /* RouteListViewController.swift */; };
		D7848080291D1C65009F8FDB /* RouteTableViewCell.swift in Sources */ = {isa = PBXBuildFile; fileRef = D784807F291D1C65009F8FDB /* RouteTableViewCell.swift */; };
		D7848084291D2AC6009F8FDB /* AddRouteTableViewCell.swift in Sources */ = {isa = PBXBuildFile; fileRef = D7848083291D2AC6009F8FDB /* AddRouteTableViewCell.swift */; };
		D7848086291D433D009F8FDB /* RouteTableHeader.swift in Sources */ = {isa = PBXBuildFile; fileRef = D7848085291D433D009F8FDB /* RouteTableHeader.swift */; };
		D7848088291D46B1009F8FDB /* RouteTableFooter.swift in Sources */ = {isa = PBXBuildFile; fileRef = D7848087291D46B1009F8FDB /* RouteTableFooter.swift */; };
		D784808E291E1B9C009F8FDB /* NSObject+.swift in Sources */ = {isa = PBXBuildFile; fileRef = D784808D291E1B9C009F8FDB /* NSObject+.swift */; };
		D78480B32920BF8D009F8FDB /* BusData.swift in Sources */ = {isa = PBXBuildFile; fileRef = D78480B22920BF8D009F8FDB /* BusData.swift */; };
		E12150D7291F8C3E000440F8 /* RouteDetailViewController.swift in Sources */ = {isa = PBXBuildFile; fileRef = E12150D6291F8C3E000440F8 /* RouteDetailViewController.swift */; };
		E12150D9291F910A000440F8 /* RouteDetailTableViewCell.swift in Sources */ = {isa = PBXBuildFile; fileRef = E12150D8291F910A000440F8 /* RouteDetailTableViewCell.swift */; };
		E1707843291EC1B0001D324C /* RouteDetailView.storyboard in Resources */ = {isa = PBXBuildFile; fileRef = E1707842291EC1B0001D324C /* RouteDetailView.storyboard */; };
/* End PBXBuildFile section */

/* Begin PBXContainerItemProxy section */
		C16920772907B75D0021D17F /* PBXContainerItemProxy */ = {
			isa = PBXContainerItemProxy;
			containerPortal = C16920552907B75C0021D17F /* Project object */;
			proxyType = 1;
			remoteGlobalIDString = C169205C2907B75C0021D17F;
			remoteInfo = WidgetBus;
		};
		C16920812907B75D0021D17F /* PBXContainerItemProxy */ = {
			isa = PBXContainerItemProxy;
			containerPortal = C16920552907B75C0021D17F /* Project object */;
			proxyType = 1;
			remoteGlobalIDString = C169205C2907B75C0021D17F;
			remoteInfo = WidgetBus;
		};
/* End PBXContainerItemProxy section */

/* Begin PBXFileReference section */
		0547490C291E22A100DACC91 /* GroupListViewContoller.swift */ = {isa = PBXFileReference; lastKnownFileType = sourcecode.swift; path = GroupListViewContoller.swift; sourceTree = "<group>"; };
		0547490E2920EF1700DACC91 /* SettingViewController.swift */ = {isa = PBXFileReference; lastKnownFileType = sourcecode.swift; path = SettingViewController.swift; sourceTree = "<group>"; };
		05474910292124F200DACC91 /* AddGroupListNameView.swift */ = {isa = PBXFileReference; lastKnownFileType = sourcecode.swift; path = AddGroupListNameView.swift; sourceTree = "<group>"; };
		054749122921612200DACC91 /* GroupTableViewCell.swift */ = {isa = PBXFileReference; lastKnownFileType = sourcecode.swift; path = GroupTableViewCell.swift; sourceTree = "<group>"; };
		05474914292170AD00DACC91 /* AddGroupTableViewCell.swift */ = {isa = PBXFileReference; lastKnownFileType = sourcecode.swift; path = AddGroupTableViewCell.swift; sourceTree = "<group>"; };
		18CC6641603FF94C1AE75616 /* Pods-WidgetBus.release.xcconfig */ = {isa = PBXFileReference; includeInIndex = 1; lastKnownFileType = text.xcconfig; name = "Pods-WidgetBus.release.xcconfig"; path = "Target Support Files/Pods-WidgetBus/Pods-WidgetBus.release.xcconfig"; sourceTree = "<group>"; };
		2B93AF352370F71C8635C715 /* Pods-WidgetBusTests.release.xcconfig */ = {isa = PBXFileReference; includeInIndex = 1; lastKnownFileType = text.xcconfig; name = "Pods-WidgetBusTests.release.xcconfig"; path = "Target Support Files/Pods-WidgetBusTests/Pods-WidgetBusTests.release.xcconfig"; sourceTree = "<group>"; };
		33D20902E13EA0B45D8B2E6E /* Pods-WidgetBus-WidgetBusUITests.release.xcconfig */ = {isa = PBXFileReference; includeInIndex = 1; lastKnownFileType = text.xcconfig; name = "Pods-WidgetBus-WidgetBusUITests.release.xcconfig"; path = "Target Support Files/Pods-WidgetBus-WidgetBusUITests/Pods-WidgetBus-WidgetBusUITests.release.xcconfig"; sourceTree = "<group>"; };
		3CF04347A8A416BF3D77096B /* Pods-WidgetBus.debug.xcconfig */ = {isa = PBXFileReference; includeInIndex = 1; lastKnownFileType = text.xcconfig; name = "Pods-WidgetBus.debug.xcconfig"; path = "Target Support Files/Pods-WidgetBus/Pods-WidgetBus.debug.xcconfig"; sourceTree = "<group>"; };
		7EC20A1B8AEA1509993C81A6 /* Pods-WidgetBusTests.debug.xcconfig */ = {isa = PBXFileReference; includeInIndex = 1; lastKnownFileType = text.xcconfig; name = "Pods-WidgetBusTests.debug.xcconfig"; path = "Target Support Files/Pods-WidgetBusTests/Pods-WidgetBusTests.debug.xcconfig"; sourceTree = "<group>"; };
		95C0C9BA31DBED1269202E64 /* Pods-WidgetBus-WidgetBusUITests.debug.xcconfig */ = {isa = PBXFileReference; includeInIndex = 1; lastKnownFileType = text.xcconfig; name = "Pods-WidgetBus-WidgetBusUITests.debug.xcconfig"; path = "Target Support Files/Pods-WidgetBus-WidgetBusUITests/Pods-WidgetBus-WidgetBusUITests.debug.xcconfig"; sourceTree = "<group>"; };
		A7432563FC3979F2A211FE77 /* Pods_WidgetBus_WidgetBusUITests.framework */ = {isa = PBXFileReference; explicitFileType = wrapper.framework; includeInIndex = 0; path = Pods_WidgetBus_WidgetBusUITests.framework; sourceTree = BUILT_PRODUCTS_DIR; };
		C169205D2907B75C0021D17F /* WidgetBus.app */ = {isa = PBXFileReference; explicitFileType = wrapper.application; includeInIndex = 0; path = WidgetBus.app; sourceTree = BUILT_PRODUCTS_DIR; };
		C16920602907B75C0021D17F /* AppDelegate.swift */ = {isa = PBXFileReference; lastKnownFileType = sourcecode.swift; path = AppDelegate.swift; sourceTree = "<group>"; };
		C16920622907B75C0021D17F /* SceneDelegate.swift */ = {isa = PBXFileReference; lastKnownFileType = sourcecode.swift; path = SceneDelegate.swift; sourceTree = "<group>"; };
		C16920642907B75C0021D17F /* ViewController.swift */ = {isa = PBXFileReference; lastKnownFileType = sourcecode.swift; path = ViewController.swift; sourceTree = "<group>"; };
		C169206A2907B75C0021D17F /* WidgetBus.xcdatamodel */ = {isa = PBXFileReference; lastKnownFileType = wrapper.xcdatamodel; path = WidgetBus.xcdatamodel; sourceTree = "<group>"; };
		C169206C2907B75D0021D17F /* Assets.xcassets */ = {isa = PBXFileReference; lastKnownFileType = folder.assetcatalog; path = Assets.xcassets; sourceTree = "<group>"; };
		C169206F2907B75D0021D17F /* Base */ = {isa = PBXFileReference; lastKnownFileType = file.storyboard; name = Base; path = Base.lproj/LaunchScreen.storyboard; sourceTree = "<group>"; };
		C16920712907B75D0021D17F /* Info.plist */ = {isa = PBXFileReference; lastKnownFileType = text.plist.xml; path = Info.plist; sourceTree = "<group>"; };
		C16920762907B75D0021D17F /* WidgetBusTests.xctest */ = {isa = PBXFileReference; explicitFileType = wrapper.cfbundle; includeInIndex = 0; path = WidgetBusTests.xctest; sourceTree = BUILT_PRODUCTS_DIR; };
		C169207A2907B75D0021D17F /* WidgetBusTests.swift */ = {isa = PBXFileReference; lastKnownFileType = sourcecode.swift; path = WidgetBusTests.swift; sourceTree = "<group>"; };
		C16920802907B75D0021D17F /* WidgetBusUITests.xctest */ = {isa = PBXFileReference; explicitFileType = wrapper.cfbundle; includeInIndex = 0; path = WidgetBusUITests.xctest; sourceTree = BUILT_PRODUCTS_DIR; };
		C16920842907B75D0021D17F /* WidgetBusUITests.swift */ = {isa = PBXFileReference; lastKnownFileType = sourcecode.swift; path = WidgetBusUITests.swift; sourceTree = "<group>"; };
		C16920862907B75D0021D17F /* WidgetBusUITestsLaunchTests.swift */ = {isa = PBXFileReference; lastKnownFileType = sourcecode.swift; path = WidgetBusUITestsLaunchTests.swift; sourceTree = "<group>"; };
		C16920982907C38D0021D17F /* .swiftlint.yml */ = {isa = PBXFileReference; fileEncoding = 4; lastKnownFileType = text.yaml; path = .swiftlint.yml; sourceTree = SOURCE_ROOT; };
		CF2166D5292B59B000091E1E /* Base */ = {isa = PBXFileReference; lastKnownFileType = file.storyboard; name = Base; path = Base.lproj/Main.storyboard; sourceTree = "<group>"; };
		CF251EB829227BE300785682 /* BusLocationFromBusStop.swift */ = {isa = PBXFileReference; lastKnownFileType = sourcecode.swift; path = BusLocationFromBusStop.swift; sourceTree = "<group>"; };
		CFD79B03291E45050091202C /* Service Key.plist */ = {isa = PBXFileReference; lastKnownFileType = text.plist.xml; path = "Service Key.plist"; sourceTree = "<group>"; };
		CFE0A863291CCB11002779C6 /* SelectRouteNumberViewController.swift */ = {isa = PBXFileReference; lastKnownFileType = sourcecode.swift; path = SelectRouteNumberViewController.swift; sourceTree = "<group>"; };
		CFE0A866291CCD15002779C6 /* ArriveInfoFromBusStop.swift */ = {isa = PBXFileReference; lastKnownFileType = sourcecode.swift; path = ArriveInfoFromBusStop.swift; sourceTree = "<group>"; };
		CFE0A868291CCEB2002779C6 /* RouteNumberViewStoryboard.storyboard */ = {isa = PBXFileReference; lastKnownFileType = file.storyboard; path = RouteNumberViewStoryboard.storyboard; sourceTree = "<group>"; };
		CFE0A86A291CD484002779C6 /* BusClient.swift */ = {isa = PBXFileReference; lastKnownFileType = sourcecode.swift; path = BusClient.swift; sourceTree = "<group>"; };
		CFEF488229235B860037BBBA /* RouteNodes.swift */ = {isa = PBXFileReference; lastKnownFileType = sourcecode.swift; path = RouteNodes.swift; sourceTree = "<group>"; };
		D7103DF3292218E900DA7CDD /* UIColor+.swift */ = {isa = PBXFileReference; lastKnownFileType = sourcecode.swift; path = "UIColor+.swift"; sourceTree = "<group>"; };
		D784807D291D156A009F8FDB /* RouteListViewController.swift */ = {isa = PBXFileReference; lastKnownFileType = sourcecode.swift; path = RouteListViewController.swift; sourceTree = "<group>"; };
		D784807F291D1C65009F8FDB /* RouteTableViewCell.swift */ = {isa = PBXFileReference; lastKnownFileType = sourcecode.swift; path = RouteTableViewCell.swift; sourceTree = "<group>"; };
		D7848083291D2AC6009F8FDB /* AddRouteTableViewCell.swift */ = {isa = PBXFileReference; lastKnownFileType = sourcecode.swift; path = AddRouteTableViewCell.swift; sourceTree = "<group>"; };
		D7848085291D433D009F8FDB /* RouteTableHeader.swift */ = {isa = PBXFileReference; lastKnownFileType = sourcecode.swift; path = RouteTableHeader.swift; sourceTree = "<group>"; };
		D7848087291D46B1009F8FDB /* RouteTableFooter.swift */ = {isa = PBXFileReference; lastKnownFileType = sourcecode.swift; path = RouteTableFooter.swift; sourceTree = "<group>"; };
		D784808D291E1B9C009F8FDB /* NSObject+.swift */ = {isa = PBXFileReference; lastKnownFileType = sourcecode.swift; path = "NSObject+.swift"; sourceTree = "<group>"; };
		D78480B22920BF8D009F8FDB /* BusData.swift */ = {isa = PBXFileReference; lastKnownFileType = sourcecode.swift; path = BusData.swift; sourceTree = "<group>"; };
		E12150D6291F8C3E000440F8 /* RouteDetailViewController.swift */ = {isa = PBXFileReference; lastKnownFileType = sourcecode.swift; path = RouteDetailViewController.swift; sourceTree = "<group>"; };
		E12150D8291F910A000440F8 /* RouteDetailTableViewCell.swift */ = {isa = PBXFileReference; lastKnownFileType = sourcecode.swift; path = RouteDetailTableViewCell.swift; sourceTree = "<group>"; };
		E1707842291EC1B0001D324C /* RouteDetailView.storyboard */ = {isa = PBXFileReference; lastKnownFileType = file.storyboard; path = RouteDetailView.storyboard; sourceTree = "<group>"; };
		F7114B61860A7522DA2A7FF0 /* Pods_WidgetBusTests.framework */ = {isa = PBXFileReference; explicitFileType = wrapper.framework; includeInIndex = 0; path = Pods_WidgetBusTests.framework; sourceTree = BUILT_PRODUCTS_DIR; };
		FBA6996637A95E6D10EC4705 /* Pods_WidgetBus.framework */ = {isa = PBXFileReference; explicitFileType = wrapper.framework; includeInIndex = 0; path = Pods_WidgetBus.framework; sourceTree = BUILT_PRODUCTS_DIR; };
/* End PBXFileReference section */

/* Begin PBXFrameworksBuildPhase section */
		C169205A2907B75C0021D17F /* Frameworks */ = {
			isa = PBXFrameworksBuildPhase;
			buildActionMask = 2147483647;
			files = (
				051D006F291E1F090061FCF4 /* Pods_WidgetBus.framework in Frameworks */,
			);
			runOnlyForDeploymentPostprocessing = 0;
		};
		C16920732907B75D0021D17F /* Frameworks */ = {
			isa = PBXFrameworksBuildPhase;
			buildActionMask = 2147483647;
			files = (
				2D7D86A573430533DAECD5C8 /* Pods_WidgetBusTests.framework in Frameworks */,
			);
			runOnlyForDeploymentPostprocessing = 0;
		};
		C169207D2907B75D0021D17F /* Frameworks */ = {
			isa = PBXFrameworksBuildPhase;
			buildActionMask = 2147483647;
			files = (
				1C6644B86924D9EECF957A96 /* Pods_WidgetBus_WidgetBusUITests.framework in Frameworks */,
			);
			runOnlyForDeploymentPostprocessing = 0;
		};
/* End PBXFrameworksBuildPhase section */

/* Begin PBXGroup section */
		0547490B291E226D00DACC91 /* GroupListView */ = {
			isa = PBXGroup;
			children = (
				0547490C291E22A100DACC91 /* GroupListViewContoller.swift */,
				054749122921612200DACC91 /* GroupTableViewCell.swift */,
				05474914292170AD00DACC91 /* AddGroupTableViewCell.swift */,
				0547490E2920EF1700DACC91 /* SettingViewController.swift */,
				05474910292124F200DACC91 /* AddGroupListNameView.swift */,
			);
			path = GroupListView;
			sourceTree = "<group>";
		};
		BA6B18571B3FD79D5E2D2D5F /* Frameworks */ = {
			isa = PBXGroup;
			children = (
				FBA6996637A95E6D10EC4705 /* Pods_WidgetBus.framework */,
				A7432563FC3979F2A211FE77 /* Pods_WidgetBus_WidgetBusUITests.framework */,
				F7114B61860A7522DA2A7FF0 /* Pods_WidgetBusTests.framework */,
			);
			name = Frameworks;
			sourceTree = "<group>";
		};
		C16920542907B75C0021D17F = {
			isa = PBXGroup;
			children = (
				C16920982907C38D0021D17F /* .swiftlint.yml */,
				C169205F2907B75C0021D17F /* WidgetBus */,
				C16920792907B75D0021D17F /* WidgetBusTests */,
				C16920832907B75D0021D17F /* WidgetBusUITests */,
				C169205E2907B75C0021D17F /* Products */,
				DC93DED6DD175EC91A8BEA4F /* Pods */,
				BA6B18571B3FD79D5E2D2D5F /* Frameworks */,
			);
			sourceTree = "<group>";
		};
		C169205E2907B75C0021D17F /* Products */ = {
			isa = PBXGroup;
			children = (
				C169205D2907B75C0021D17F /* WidgetBus.app */,
				C16920762907B75D0021D17F /* WidgetBusTests.xctest */,
				C16920802907B75D0021D17F /* WidgetBusUITests.xctest */,
			);
			name = Products;
			sourceTree = "<group>";
		};
		C169205F2907B75C0021D17F /* WidgetBus */ = {
			isa = PBXGroup;
			children = (
				C16920602907B75C0021D17F /* AppDelegate.swift */,
				C16920622907B75C0021D17F /* SceneDelegate.swift */,
				C16920642907B75C0021D17F /* ViewController.swift */,
				CF2166D4292B59B000091E1E /* Main.storyboard */,
				E1707844291EC26A001D324C /* Views */,
				E1707845291EC271001D324C /* Models */,
				D784808C291E18DC009F8FDB /* Extensions */,
				C169206C2907B75D0021D17F /* Assets.xcassets */,
				C169206E2907B75D0021D17F /* LaunchScreen.storyboard */,
				C16920712907B75D0021D17F /* Info.plist */,
				C16920692907B75C0021D17F /* WidgetBus.xcdatamodeld */,
				CFD79B03291E45050091202C /* Service Key.plist */,
			);
			path = WidgetBus;
			sourceTree = "<group>";
		};
		C16920792907B75D0021D17F /* WidgetBusTests */ = {
			isa = PBXGroup;
			children = (
				C169207A2907B75D0021D17F /* WidgetBusTests.swift */,
			);
			path = WidgetBusTests;
			sourceTree = "<group>";
		};
		C16920832907B75D0021D17F /* WidgetBusUITests */ = {
			isa = PBXGroup;
			children = (
				C16920842907B75D0021D17F /* WidgetBusUITests.swift */,
				C16920862907B75D0021D17F /* WidgetBusUITestsLaunchTests.swift */,
			);
			path = WidgetBusUITests;
			sourceTree = "<group>";
		};
		CFD79B02291E44020091202C /* SelectRouteNumberView */ = {
			isa = PBXGroup;
			children = (
				CFE0A868291CCEB2002779C6 /* RouteNumberViewStoryboard.storyboard */,
				CFE0A863291CCB11002779C6 /* SelectRouteNumberViewController.swift */,
			);
			path = SelectRouteNumberView;
			sourceTree = "<group>";
		};
		CFE0A865291CCB29002779C6 /* Network */ = {
			isa = PBXGroup;
			children = (
				CFE0A866291CCD15002779C6 /* ArriveInfoFromBusStop.swift */,
				CFE0A86A291CD484002779C6 /* BusClient.swift */,
				CF251EB829227BE300785682 /* BusLocationFromBusStop.swift */,
				CFEF488229235B860037BBBA /* RouteNodes.swift */,
			);
			path = Network;
			sourceTree = "<group>";
		};
		D784808B291E16A2009F8FDB /* RouteListView */ = {
			isa = PBXGroup;
			children = (
				D784807D291D156A009F8FDB /* RouteListViewController.swift */,
				D7848085291D433D009F8FDB /* RouteTableHeader.swift */,
				D7848087291D46B1009F8FDB /* RouteTableFooter.swift */,
				D784807F291D1C65009F8FDB /* RouteTableViewCell.swift */,
				D7848083291D2AC6009F8FDB /* AddRouteTableViewCell.swift */,
				D78480B22920BF8D009F8FDB /* BusData.swift */,
			);
			path = RouteListView;
			sourceTree = "<group>";
		};
		D784808C291E18DC009F8FDB /* Extensions */ = {
			isa = PBXGroup;
			children = (
				D784808D291E1B9C009F8FDB /* NSObject+.swift */,
				D7103DF3292218E900DA7CDD /* UIColor+.swift */,
			);
			path = Extensions;
			sourceTree = "<group>";
		};
		DC93DED6DD175EC91A8BEA4F /* Pods */ = {
			isa = PBXGroup;
			children = (
				3CF04347A8A416BF3D77096B /* Pods-WidgetBus.debug.xcconfig */,
				18CC6641603FF94C1AE75616 /* Pods-WidgetBus.release.xcconfig */,
				95C0C9BA31DBED1269202E64 /* Pods-WidgetBus-WidgetBusUITests.debug.xcconfig */,
				33D20902E13EA0B45D8B2E6E /* Pods-WidgetBus-WidgetBusUITests.release.xcconfig */,
				7EC20A1B8AEA1509993C81A6 /* Pods-WidgetBusTests.debug.xcconfig */,
				2B93AF352370F71C8635C715 /* Pods-WidgetBusTests.release.xcconfig */,
			);
			path = Pods;
			sourceTree = "<group>";
		};
		E1707844291EC26A001D324C /* Views */ = {
			isa = PBXGroup;
			children = (
				0547490B291E226D00DACC91 /* GroupListView */,
				D784808B291E16A2009F8FDB /* RouteListView */,
				CFD79B02291E44020091202C /* SelectRouteNumberView */,
				E1707847291EC291001D324C /* RouteDetailView */,
			);
			path = Views;
			sourceTree = "<group>";
		};
		E1707845291EC271001D324C /* Models */ = {
			isa = PBXGroup;
			children = (
				CFE0A865291CCB29002779C6 /* Network */,
			);
			path = Models;
			sourceTree = "<group>";
		};
		E1707847291EC291001D324C /* RouteDetailView */ = {
			isa = PBXGroup;
			children = (
				E1707842291EC1B0001D324C /* RouteDetailView.storyboard */,
				E12150D6291F8C3E000440F8 /* RouteDetailViewController.swift */,
				E12150D8291F910A000440F8 /* RouteDetailTableViewCell.swift */,
			);
			path = RouteDetailView;
			sourceTree = "<group>";
		};
/* End PBXGroup section */

/* Begin PBXNativeTarget section */
		C169205C2907B75C0021D17F /* WidgetBus */ = {
			isa = PBXNativeTarget;
			buildConfigurationList = C169208A2907B75D0021D17F /* Build configuration list for PBXNativeTarget "WidgetBus" */;
			buildPhases = (
				D2A09B57C32B77FEECB1DEFC /* [CP] Check Pods Manifest.lock */,
				C16920932907C0EB0021D17F /* SwiftLint Script */,
				C16920592907B75C0021D17F /* Sources */,
				C169205A2907B75C0021D17F /* Frameworks */,
				C169205B2907B75C0021D17F /* Resources */,
			);
			buildRules = (
			);
			dependencies = (
			);
			name = WidgetBus;
			productName = WidgetBus;
			productReference = C169205D2907B75C0021D17F /* WidgetBus.app */;
			productType = "com.apple.product-type.application";
		};
		C16920752907B75D0021D17F /* WidgetBusTests */ = {
			isa = PBXNativeTarget;
			buildConfigurationList = C169208D2907B75D0021D17F /* Build configuration list for PBXNativeTarget "WidgetBusTests" */;
			buildPhases = (
				097B2E3A6EEAADB7EF3D4DC6 /* [CP] Check Pods Manifest.lock */,
				C16920722907B75D0021D17F /* Sources */,
				C16920732907B75D0021D17F /* Frameworks */,
				C16920742907B75D0021D17F /* Resources */,
			);
			buildRules = (
			);
			dependencies = (
				C16920782907B75D0021D17F /* PBXTargetDependency */,
			);
			name = WidgetBusTests;
			productName = WidgetBusTests;
			productReference = C16920762907B75D0021D17F /* WidgetBusTests.xctest */;
			productType = "com.apple.product-type.bundle.unit-test";
		};
		C169207F2907B75D0021D17F /* WidgetBusUITests */ = {
			isa = PBXNativeTarget;
			buildConfigurationList = C16920902907B75D0021D17F /* Build configuration list for PBXNativeTarget "WidgetBusUITests" */;
			buildPhases = (
				558E8E92FB144D2954B19C26 /* [CP] Check Pods Manifest.lock */,
				C169207C2907B75D0021D17F /* Sources */,
				C169207D2907B75D0021D17F /* Frameworks */,
				C169207E2907B75D0021D17F /* Resources */,
			);
			buildRules = (
			);
			dependencies = (
				C16920822907B75D0021D17F /* PBXTargetDependency */,
			);
			name = WidgetBusUITests;
			productName = WidgetBusUITests;
			productReference = C16920802907B75D0021D17F /* WidgetBusUITests.xctest */;
			productType = "com.apple.product-type.bundle.ui-testing";
		};
/* End PBXNativeTarget section */

/* Begin PBXProject section */
		C16920552907B75C0021D17F /* Project object */ = {
			isa = PBXProject;
			attributes = {
				BuildIndependentTargetsInParallel = 1;
				LastSwiftUpdateCheck = 1400;
				LastUpgradeCheck = 1400;
				TargetAttributes = {
					C169205C2907B75C0021D17F = {
						CreatedOnToolsVersion = 14.0.1;
					};
					C16920752907B75D0021D17F = {
						CreatedOnToolsVersion = 14.0.1;
						TestTargetID = C169205C2907B75C0021D17F;
					};
					C169207F2907B75D0021D17F = {
						CreatedOnToolsVersion = 14.0.1;
						TestTargetID = C169205C2907B75C0021D17F;
					};
				};
			};
			buildConfigurationList = C16920582907B75C0021D17F /* Build configuration list for PBXProject "WidgetBus" */;
			compatibilityVersion = "Xcode 13.0";
			developmentRegion = en;
			hasScannedForEncodings = 0;
			knownRegions = (
				en,
				Base,
			);
			mainGroup = C16920542907B75C0021D17F;
			productRefGroup = C169205E2907B75C0021D17F /* Products */;
			projectDirPath = "";
			projectRoot = "";
			targets = (
				C169205C2907B75C0021D17F /* WidgetBus */,
				C16920752907B75D0021D17F /* WidgetBusTests */,
				C169207F2907B75D0021D17F /* WidgetBusUITests */,
			);
		};
/* End PBXProject section */

/* Begin PBXResourcesBuildPhase section */
		C169205B2907B75C0021D17F /* Resources */ = {
			isa = PBXResourcesBuildPhase;
			buildActionMask = 2147483647;
			files = (
				CF2166D6292B59B000091E1E /* Main.storyboard in Resources */,
				E1707843291EC1B0001D324C /* RouteDetailView.storyboard in Resources */,
				CFD79B04291E45050091202C /* Service Key.plist in Resources */,
				C16920992907C38D0021D17F /* .swiftlint.yml in Resources */,
				CFE0A869291CCEB2002779C6 /* RouteNumberViewStoryboard.storyboard in Resources */,
				C16920702907B75D0021D17F /* LaunchScreen.storyboard in Resources */,
				C169206D2907B75D0021D17F /* Assets.xcassets in Resources */,
			);
			runOnlyForDeploymentPostprocessing = 0;
		};
		C16920742907B75D0021D17F /* Resources */ = {
			isa = PBXResourcesBuildPhase;
			buildActionMask = 2147483647;
			files = (
			);
			runOnlyForDeploymentPostprocessing = 0;
		};
		C169207E2907B75D0021D17F /* Resources */ = {
			isa = PBXResourcesBuildPhase;
			buildActionMask = 2147483647;
			files = (
			);
			runOnlyForDeploymentPostprocessing = 0;
		};
/* End PBXResourcesBuildPhase section */

/* Begin PBXShellScriptBuildPhase section */
		097B2E3A6EEAADB7EF3D4DC6 /* [CP] Check Pods Manifest.lock */ = {
			isa = PBXShellScriptBuildPhase;
			buildActionMask = 2147483647;
			files = (
			);
			inputFileListPaths = (
			);
			inputPaths = (
				"${PODS_PODFILE_DIR_PATH}/Podfile.lock",
				"${PODS_ROOT}/Manifest.lock",
			);
			name = "[CP] Check Pods Manifest.lock";
			outputFileListPaths = (
			);
			outputPaths = (
				"$(DERIVED_FILE_DIR)/Pods-WidgetBusTests-checkManifestLockResult.txt",
			);
			runOnlyForDeploymentPostprocessing = 0;
			shellPath = /bin/sh;
			shellScript = "diff \"${PODS_PODFILE_DIR_PATH}/Podfile.lock\" \"${PODS_ROOT}/Manifest.lock\" > /dev/null\nif [ $? != 0 ] ; then\n    # print error to STDERR\n    echo \"error: The sandbox is not in sync with the Podfile.lock. Run 'pod install' or update your CocoaPods installation.\" >&2\n    exit 1\nfi\n# This output is used by Xcode 'outputs' to avoid re-running this script phase.\necho \"SUCCESS\" > \"${SCRIPT_OUTPUT_FILE_0}\"\n";
			showEnvVarsInLog = 0;
		};
		558E8E92FB144D2954B19C26 /* [CP] Check Pods Manifest.lock */ = {
			isa = PBXShellScriptBuildPhase;
			buildActionMask = 2147483647;
			files = (
			);
			inputFileListPaths = (
			);
			inputPaths = (
				"${PODS_PODFILE_DIR_PATH}/Podfile.lock",
				"${PODS_ROOT}/Manifest.lock",
			);
			name = "[CP] Check Pods Manifest.lock";
			outputFileListPaths = (
			);
			outputPaths = (
				"$(DERIVED_FILE_DIR)/Pods-WidgetBus-WidgetBusUITests-checkManifestLockResult.txt",
			);
			runOnlyForDeploymentPostprocessing = 0;
			shellPath = /bin/sh;
			shellScript = "diff \"${PODS_PODFILE_DIR_PATH}/Podfile.lock\" \"${PODS_ROOT}/Manifest.lock\" > /dev/null\nif [ $? != 0 ] ; then\n    # print error to STDERR\n    echo \"error: The sandbox is not in sync with the Podfile.lock. Run 'pod install' or update your CocoaPods installation.\" >&2\n    exit 1\nfi\n# This output is used by Xcode 'outputs' to avoid re-running this script phase.\necho \"SUCCESS\" > \"${SCRIPT_OUTPUT_FILE_0}\"\n";
			showEnvVarsInLog = 0;
		};
		C16920932907C0EB0021D17F /* SwiftLint Script */ = {
			isa = PBXShellScriptBuildPhase;
			alwaysOutOfDate = 1;
			buildActionMask = 2147483647;
			files = (
			);
			inputFileListPaths = (
			);
			inputPaths = (
			);
			name = "SwiftLint Script";
			outputFileListPaths = (
			);
			outputPaths = (
			);
			runOnlyForDeploymentPostprocessing = 0;
			shellPath = /bin/sh;
			shellScript = "# Type a script or drag a script file from your workspace to insert its path.\n\n\"${PODS_ROOT}/SwiftLint/swiftlint\"\n";
		};
		D2A09B57C32B77FEECB1DEFC /* [CP] Check Pods Manifest.lock */ = {
			isa = PBXShellScriptBuildPhase;
			buildActionMask = 2147483647;
			files = (
			);
			inputFileListPaths = (
			);
			inputPaths = (
				"${PODS_PODFILE_DIR_PATH}/Podfile.lock",
				"${PODS_ROOT}/Manifest.lock",
			);
			name = "[CP] Check Pods Manifest.lock";
			outputFileListPaths = (
			);
			outputPaths = (
				"$(DERIVED_FILE_DIR)/Pods-WidgetBus-checkManifestLockResult.txt",
			);
			runOnlyForDeploymentPostprocessing = 0;
			shellPath = /bin/sh;
			shellScript = "diff \"${PODS_PODFILE_DIR_PATH}/Podfile.lock\" \"${PODS_ROOT}/Manifest.lock\" > /dev/null\nif [ $? != 0 ] ; then\n    # print error to STDERR\n    echo \"error: The sandbox is not in sync with the Podfile.lock. Run 'pod install' or update your CocoaPods installation.\" >&2\n    exit 1\nfi\n# This output is used by Xcode 'outputs' to avoid re-running this script phase.\necho \"SUCCESS\" > \"${SCRIPT_OUTPUT_FILE_0}\"\n";
			showEnvVarsInLog = 0;
		};
/* End PBXShellScriptBuildPhase section */

/* Begin PBXSourcesBuildPhase section */
		C16920592907B75C0021D17F /* Sources */ = {
			isa = PBXSourcesBuildPhase;
			buildActionMask = 2147483647;
			files = (
				0547490F2920EF1700DACC91 /* SettingViewController.swift in Sources */,
				05474915292170AD00DACC91 /* AddGroupTableViewCell.swift in Sources */,
				05474911292124F200DACC91 /* AddGroupListNameView.swift in Sources */,
				C169206B2907B75C0021D17F /* WidgetBus.xcdatamodeld in Sources */,
				054749132921612200DACC91 /* GroupTableViewCell.swift in Sources */,
				CFE0A867291CCD15002779C6 /* ArriveInfoFromBusStop.swift in Sources */,
				CFE0A864291CCB11002779C6 /* SelectRouteNumberViewController.swift in Sources */,
				CFE0A86B291CD484002779C6 /* BusClient.swift in Sources */,
				CFEF488329235B860037BBBA /* RouteNodes.swift in Sources */,
				C169206B2907B75C0021D17F /* WidgetBus.xcdatamodeld in Sources */,
				CF251EB929227BE300785682 /* BusLocationFromBusStop.swift in Sources */,
				D78480B32920BF8D009F8FDB /* BusData.swift in Sources */,
				D7848086291D433D009F8FDB /* RouteTableHeader.swift in Sources */,
				D7848080291D1C65009F8FDB /* RouteTableViewCell.swift in Sources */,
				E12150D7291F8C3E000440F8 /* RouteDetailViewController.swift in Sources */,
				E12150D9291F910A000440F8 /* RouteDetailTableViewCell.swift in Sources */,
				C16920652907B75C0021D17F /* ViewController.swift in Sources */,
				D7103DF4292218E900DA7CDD /* UIColor+.swift in Sources */,
				D7848088291D46B1009F8FDB /* RouteTableFooter.swift in Sources */,
				D784808E291E1B9C009F8FDB /* NSObject+.swift in Sources */,
				C16920612907B75C0021D17F /* AppDelegate.swift in Sources */,
				D784807E291D156A009F8FDB /* RouteListViewController.swift in Sources */,
				C16920632907B75C0021D17F /* SceneDelegate.swift in Sources */,
				0547490D291E22A100DACC91 /* GroupListViewContoller.swift in Sources */,
				D7848084291D2AC6009F8FDB /* AddRouteTableViewCell.swift in Sources */,
			);
			runOnlyForDeploymentPostprocessing = 0;
		};
		C16920722907B75D0021D17F /* Sources */ = {
			isa = PBXSourcesBuildPhase;
			buildActionMask = 2147483647;
			files = (
				C169207B2907B75D0021D17F /* WidgetBusTests.swift in Sources */,
			);
			runOnlyForDeploymentPostprocessing = 0;
		};
		C169207C2907B75D0021D17F /* Sources */ = {
			isa = PBXSourcesBuildPhase;
			buildActionMask = 2147483647;
			files = (
				C16920852907B75D0021D17F /* WidgetBusUITests.swift in Sources */,
				C16920872907B75D0021D17F /* WidgetBusUITestsLaunchTests.swift in Sources */,
			);
			runOnlyForDeploymentPostprocessing = 0;
		};
/* End PBXSourcesBuildPhase section */

/* Begin PBXTargetDependency section */
		C16920782907B75D0021D17F /* PBXTargetDependency */ = {
			isa = PBXTargetDependency;
			target = C169205C2907B75C0021D17F /* WidgetBus */;
			targetProxy = C16920772907B75D0021D17F /* PBXContainerItemProxy */;
		};
		C16920822907B75D0021D17F /* PBXTargetDependency */ = {
			isa = PBXTargetDependency;
			target = C169205C2907B75C0021D17F /* WidgetBus */;
			targetProxy = C16920812907B75D0021D17F /* PBXContainerItemProxy */;
		};
/* End PBXTargetDependency section */

/* Begin PBXVariantGroup section */
		C169206E2907B75D0021D17F /* LaunchScreen.storyboard */ = {
			isa = PBXVariantGroup;
			children = (
				C169206F2907B75D0021D17F /* Base */,
			);
			name = LaunchScreen.storyboard;
			sourceTree = "<group>";
		};
		CF2166D4292B59B000091E1E /* Main.storyboard */ = {
			isa = PBXVariantGroup;
			children = (
				CF2166D5292B59B000091E1E /* Base */,
			);
			name = Main.storyboard;
			sourceTree = "<group>";
		};
/* End PBXVariantGroup section */

/* Begin XCBuildConfiguration section */
		C16920882907B75D0021D17F /* Debug */ = {
			isa = XCBuildConfiguration;
			buildSettings = {
				ALWAYS_SEARCH_USER_PATHS = NO;
				CLANG_ANALYZER_NONNULL = YES;
				CLANG_ANALYZER_NUMBER_OBJECT_CONVERSION = YES_AGGRESSIVE;
				CLANG_CXX_LANGUAGE_STANDARD = "gnu++20";
				CLANG_ENABLE_MODULES = YES;
				CLANG_ENABLE_OBJC_ARC = YES;
				CLANG_ENABLE_OBJC_WEAK = YES;
				CLANG_WARN_BLOCK_CAPTURE_AUTORELEASING = YES;
				CLANG_WARN_BOOL_CONVERSION = YES;
				CLANG_WARN_COMMA = YES;
				CLANG_WARN_CONSTANT_CONVERSION = YES;
				CLANG_WARN_DEPRECATED_OBJC_IMPLEMENTATIONS = YES;
				CLANG_WARN_DIRECT_OBJC_ISA_USAGE = YES_ERROR;
				CLANG_WARN_DOCUMENTATION_COMMENTS = YES;
				CLANG_WARN_EMPTY_BODY = YES;
				CLANG_WARN_ENUM_CONVERSION = YES;
				CLANG_WARN_INFINITE_RECURSION = YES;
				CLANG_WARN_INT_CONVERSION = YES;
				CLANG_WARN_NON_LITERAL_NULL_CONVERSION = YES;
				CLANG_WARN_OBJC_IMPLICIT_RETAIN_SELF = YES;
				CLANG_WARN_OBJC_LITERAL_CONVERSION = YES;
				CLANG_WARN_OBJC_ROOT_CLASS = YES_ERROR;
				CLANG_WARN_QUOTED_INCLUDE_IN_FRAMEWORK_HEADER = YES;
				CLANG_WARN_RANGE_LOOP_ANALYSIS = YES;
				CLANG_WARN_STRICT_PROTOTYPES = YES;
				CLANG_WARN_SUSPICIOUS_MOVE = YES;
				CLANG_WARN_UNGUARDED_AVAILABILITY = YES_AGGRESSIVE;
				CLANG_WARN_UNREACHABLE_CODE = YES;
				CLANG_WARN__DUPLICATE_METHOD_MATCH = YES;
				COPY_PHASE_STRIP = NO;
				DEBUG_INFORMATION_FORMAT = dwarf;
				ENABLE_STRICT_OBJC_MSGSEND = YES;
				ENABLE_TESTABILITY = YES;
				GCC_C_LANGUAGE_STANDARD = gnu11;
				GCC_DYNAMIC_NO_PIC = NO;
				GCC_NO_COMMON_BLOCKS = YES;
				GCC_OPTIMIZATION_LEVEL = 0;
				GCC_PREPROCESSOR_DEFINITIONS = (
					"DEBUG=1",
					"$(inherited)",
				);
				GCC_WARN_64_TO_32_BIT_CONVERSION = YES;
				GCC_WARN_ABOUT_RETURN_TYPE = YES_ERROR;
				GCC_WARN_UNDECLARED_SELECTOR = YES;
				GCC_WARN_UNINITIALIZED_AUTOS = YES_AGGRESSIVE;
				GCC_WARN_UNUSED_FUNCTION = YES;
				GCC_WARN_UNUSED_VARIABLE = YES;
				IPHONEOS_DEPLOYMENT_TARGET = 16.0;
				MTL_ENABLE_DEBUG_INFO = INCLUDE_SOURCE;
				MTL_FAST_MATH = YES;
				ONLY_ACTIVE_ARCH = YES;
				SDKROOT = iphoneos;
				SWIFT_ACTIVE_COMPILATION_CONDITIONS = DEBUG;
				SWIFT_OPTIMIZATION_LEVEL = "-Onone";
			};
			name = Debug;
		};
		C16920892907B75D0021D17F /* Release */ = {
			isa = XCBuildConfiguration;
			buildSettings = {
				ALWAYS_SEARCH_USER_PATHS = NO;
				CLANG_ANALYZER_NONNULL = YES;
				CLANG_ANALYZER_NUMBER_OBJECT_CONVERSION = YES_AGGRESSIVE;
				CLANG_CXX_LANGUAGE_STANDARD = "gnu++20";
				CLANG_ENABLE_MODULES = YES;
				CLANG_ENABLE_OBJC_ARC = YES;
				CLANG_ENABLE_OBJC_WEAK = YES;
				CLANG_WARN_BLOCK_CAPTURE_AUTORELEASING = YES;
				CLANG_WARN_BOOL_CONVERSION = YES;
				CLANG_WARN_COMMA = YES;
				CLANG_WARN_CONSTANT_CONVERSION = YES;
				CLANG_WARN_DEPRECATED_OBJC_IMPLEMENTATIONS = YES;
				CLANG_WARN_DIRECT_OBJC_ISA_USAGE = YES_ERROR;
				CLANG_WARN_DOCUMENTATION_COMMENTS = YES;
				CLANG_WARN_EMPTY_BODY = YES;
				CLANG_WARN_ENUM_CONVERSION = YES;
				CLANG_WARN_INFINITE_RECURSION = YES;
				CLANG_WARN_INT_CONVERSION = YES;
				CLANG_WARN_NON_LITERAL_NULL_CONVERSION = YES;
				CLANG_WARN_OBJC_IMPLICIT_RETAIN_SELF = YES;
				CLANG_WARN_OBJC_LITERAL_CONVERSION = YES;
				CLANG_WARN_OBJC_ROOT_CLASS = YES_ERROR;
				CLANG_WARN_QUOTED_INCLUDE_IN_FRAMEWORK_HEADER = YES;
				CLANG_WARN_RANGE_LOOP_ANALYSIS = YES;
				CLANG_WARN_STRICT_PROTOTYPES = YES;
				CLANG_WARN_SUSPICIOUS_MOVE = YES;
				CLANG_WARN_UNGUARDED_AVAILABILITY = YES_AGGRESSIVE;
				CLANG_WARN_UNREACHABLE_CODE = YES;
				CLANG_WARN__DUPLICATE_METHOD_MATCH = YES;
				COPY_PHASE_STRIP = NO;
				DEBUG_INFORMATION_FORMAT = "dwarf-with-dsym";
				ENABLE_NS_ASSERTIONS = NO;
				ENABLE_STRICT_OBJC_MSGSEND = YES;
				GCC_C_LANGUAGE_STANDARD = gnu11;
				GCC_NO_COMMON_BLOCKS = YES;
				GCC_WARN_64_TO_32_BIT_CONVERSION = YES;
				GCC_WARN_ABOUT_RETURN_TYPE = YES_ERROR;
				GCC_WARN_UNDECLARED_SELECTOR = YES;
				GCC_WARN_UNINITIALIZED_AUTOS = YES_AGGRESSIVE;
				GCC_WARN_UNUSED_FUNCTION = YES;
				GCC_WARN_UNUSED_VARIABLE = YES;
				IPHONEOS_DEPLOYMENT_TARGET = 16.0;
				MTL_ENABLE_DEBUG_INFO = NO;
				MTL_FAST_MATH = YES;
				SDKROOT = iphoneos;
				SWIFT_COMPILATION_MODE = wholemodule;
				SWIFT_OPTIMIZATION_LEVEL = "-O";
				VALIDATE_PRODUCT = YES;
			};
			name = Release;
		};
		C169208B2907B75D0021D17F /* Debug */ = {
			isa = XCBuildConfiguration;
			baseConfigurationReference = 3CF04347A8A416BF3D77096B /* Pods-WidgetBus.debug.xcconfig */;
			buildSettings = {
				ASSETCATALOG_COMPILER_APPICON_NAME = AppIcon;
				ASSETCATALOG_COMPILER_GLOBAL_ACCENT_COLOR_NAME = AccentColor;
				CODE_SIGN_IDENTITY = "Apple Development";
				CODE_SIGN_STYLE = Automatic;
				CURRENT_PROJECT_VERSION = 1;
				DEVELOPMENT_TEAM = TZPPZDYCQY;
				GENERATE_INFOPLIST_FILE = YES;
				INFOPLIST_FILE = WidgetBus/Info.plist;
				INFOPLIST_KEY_UIApplicationSupportsIndirectInputEvents = YES;
				INFOPLIST_KEY_UILaunchStoryboardName = LaunchScreen;
				INFOPLIST_KEY_UIMainStoryboardFile = Main;
				INFOPLIST_KEY_UISupportedInterfaceOrientations_iPad = "UIInterfaceOrientationPortrait UIInterfaceOrientationPortraitUpsideDown UIInterfaceOrientationLandscapeLeft UIInterfaceOrientationLandscapeRight";
				INFOPLIST_KEY_UISupportedInterfaceOrientations_iPhone = "UIInterfaceOrientationPortrait UIInterfaceOrientationLandscapeLeft UIInterfaceOrientationLandscapeRight";
				LD_RUNPATH_SEARCH_PATHS = (
					"$(inherited)",
					"@executable_path/Frameworks",
				);
				MARKETING_VERSION = 1.0;
				PRODUCT_BUNDLE_IDENTIFIER = com.robin.WidgetBus;
				PRODUCT_NAME = "$(TARGET_NAME)";
				PROVISIONING_PROFILE_SPECIFIER = "";
				SWIFT_EMIT_LOC_STRINGS = YES;
				SWIFT_VERSION = 5.0;
				TARGETED_DEVICE_FAMILY = "1,2";
			};
			name = Debug;
		};
		C169208C2907B75D0021D17F /* Release */ = {
			isa = XCBuildConfiguration;
			baseConfigurationReference = 18CC6641603FF94C1AE75616 /* Pods-WidgetBus.release.xcconfig */;
			buildSettings = {
				ASSETCATALOG_COMPILER_APPICON_NAME = AppIcon;
				ASSETCATALOG_COMPILER_GLOBAL_ACCENT_COLOR_NAME = AccentColor;
				CODE_SIGN_IDENTITY = "Apple Development";
				CODE_SIGN_STYLE = Automatic;
				CURRENT_PROJECT_VERSION = 1;
				DEVELOPMENT_TEAM = TZPPZDYCQY;
				GENERATE_INFOPLIST_FILE = YES;
				INFOPLIST_FILE = WidgetBus/Info.plist;
				INFOPLIST_KEY_UIApplicationSupportsIndirectInputEvents = YES;
				INFOPLIST_KEY_UILaunchStoryboardName = LaunchScreen;
				INFOPLIST_KEY_UIMainStoryboardFile = Main;
				INFOPLIST_KEY_UISupportedInterfaceOrientations_iPad = "UIInterfaceOrientationPortrait UIInterfaceOrientationPortraitUpsideDown UIInterfaceOrientationLandscapeLeft UIInterfaceOrientationLandscapeRight";
				INFOPLIST_KEY_UISupportedInterfaceOrientations_iPhone = "UIInterfaceOrientationPortrait UIInterfaceOrientationLandscapeLeft UIInterfaceOrientationLandscapeRight";
				LD_RUNPATH_SEARCH_PATHS = (
					"$(inherited)",
					"@executable_path/Frameworks",
				);
				MARKETING_VERSION = 1.0;
				PRODUCT_BUNDLE_IDENTIFIER = com.robin.WidgetBus;
				PRODUCT_NAME = "$(TARGET_NAME)";
				PROVISIONING_PROFILE_SPECIFIER = "";
				SWIFT_EMIT_LOC_STRINGS = YES;
				SWIFT_VERSION = 5.0;
				TARGETED_DEVICE_FAMILY = "1,2";
			};
			name = Release;
		};
		C169208E2907B75D0021D17F /* Debug */ = {
			isa = XCBuildConfiguration;
			baseConfigurationReference = 7EC20A1B8AEA1509993C81A6 /* Pods-WidgetBusTests.debug.xcconfig */;
			buildSettings = {
				ALWAYS_EMBED_SWIFT_STANDARD_LIBRARIES = YES;
				BUNDLE_LOADER = "$(TEST_HOST)";
				CODE_SIGN_STYLE = Automatic;
				CURRENT_PROJECT_VERSION = 1;
				DEVELOPMENT_TEAM = TZPPZDYCQY;
				GENERATE_INFOPLIST_FILE = YES;
				IPHONEOS_DEPLOYMENT_TARGET = 16.0;
				MARKETING_VERSION = 1.0;
				PRODUCT_BUNDLE_IDENTIFIER = com.robin.WidgetBusTests;
				PRODUCT_NAME = "$(TARGET_NAME)";
				SWIFT_EMIT_LOC_STRINGS = NO;
				SWIFT_VERSION = 5.0;
				TARGETED_DEVICE_FAMILY = "1,2";
				TEST_HOST = "$(BUILT_PRODUCTS_DIR)/WidgetBus.app/$(BUNDLE_EXECUTABLE_FOLDER_PATH)/WidgetBus";
			};
			name = Debug;
		};
		C169208F2907B75D0021D17F /* Release */ = {
			isa = XCBuildConfiguration;
			baseConfigurationReference = 2B93AF352370F71C8635C715 /* Pods-WidgetBusTests.release.xcconfig */;
			buildSettings = {
				ALWAYS_EMBED_SWIFT_STANDARD_LIBRARIES = YES;
				BUNDLE_LOADER = "$(TEST_HOST)";
				CODE_SIGN_STYLE = Automatic;
				CURRENT_PROJECT_VERSION = 1;
				DEVELOPMENT_TEAM = TZPPZDYCQY;
				GENERATE_INFOPLIST_FILE = YES;
				IPHONEOS_DEPLOYMENT_TARGET = 16.0;
				MARKETING_VERSION = 1.0;
				PRODUCT_BUNDLE_IDENTIFIER = com.robin.WidgetBusTests;
				PRODUCT_NAME = "$(TARGET_NAME)";
				SWIFT_EMIT_LOC_STRINGS = NO;
				SWIFT_VERSION = 5.0;
				TARGETED_DEVICE_FAMILY = "1,2";
				TEST_HOST = "$(BUILT_PRODUCTS_DIR)/WidgetBus.app/$(BUNDLE_EXECUTABLE_FOLDER_PATH)/WidgetBus";
			};
			name = Release;
		};
		C16920912907B75D0021D17F /* Debug */ = {
			isa = XCBuildConfiguration;
			baseConfigurationReference = 95C0C9BA31DBED1269202E64 /* Pods-WidgetBus-WidgetBusUITests.debug.xcconfig */;
			buildSettings = {
				ALWAYS_EMBED_SWIFT_STANDARD_LIBRARIES = YES;
				CODE_SIGN_STYLE = Automatic;
				CURRENT_PROJECT_VERSION = 1;
				DEVELOPMENT_TEAM = TZPPZDYCQY;
				GENERATE_INFOPLIST_FILE = YES;
				MARKETING_VERSION = 1.0;
				PRODUCT_BUNDLE_IDENTIFIER = com.robin.WidgetBusUITests;
				PRODUCT_NAME = "$(TARGET_NAME)";
				SWIFT_EMIT_LOC_STRINGS = NO;
				SWIFT_VERSION = 5.0;
				TARGETED_DEVICE_FAMILY = "1,2";
				TEST_TARGET_NAME = WidgetBus;
			};
			name = Debug;
		};
		C16920922907B75D0021D17F /* Release */ = {
			isa = XCBuildConfiguration;
			baseConfigurationReference = 33D20902E13EA0B45D8B2E6E /* Pods-WidgetBus-WidgetBusUITests.release.xcconfig */;
			buildSettings = {
				ALWAYS_EMBED_SWIFT_STANDARD_LIBRARIES = YES;
				CODE_SIGN_STYLE = Automatic;
				CURRENT_PROJECT_VERSION = 1;
				DEVELOPMENT_TEAM = TZPPZDYCQY;
				GENERATE_INFOPLIST_FILE = YES;
				MARKETING_VERSION = 1.0;
				PRODUCT_BUNDLE_IDENTIFIER = com.robin.WidgetBusUITests;
				PRODUCT_NAME = "$(TARGET_NAME)";
				SWIFT_EMIT_LOC_STRINGS = NO;
				SWIFT_VERSION = 5.0;
				TARGETED_DEVICE_FAMILY = "1,2";
				TEST_TARGET_NAME = WidgetBus;
			};
			name = Release;
		};
/* End XCBuildConfiguration section */

/* Begin XCConfigurationList section */
		C16920582907B75C0021D17F /* Build configuration list for PBXProject "WidgetBus" */ = {
			isa = XCConfigurationList;
			buildConfigurations = (
				C16920882907B75D0021D17F /* Debug */,
				C16920892907B75D0021D17F /* Release */,
			);
			defaultConfigurationIsVisible = 0;
			defaultConfigurationName = Release;
		};
		C169208A2907B75D0021D17F /* Build configuration list for PBXNativeTarget "WidgetBus" */ = {
			isa = XCConfigurationList;
			buildConfigurations = (
				C169208B2907B75D0021D17F /* Debug */,
				C169208C2907B75D0021D17F /* Release */,
			);
			defaultConfigurationIsVisible = 0;
			defaultConfigurationName = Release;
		};
		C169208D2907B75D0021D17F /* Build configuration list for PBXNativeTarget "WidgetBusTests" */ = {
			isa = XCConfigurationList;
			buildConfigurations = (
				C169208E2907B75D0021D17F /* Debug */,
				C169208F2907B75D0021D17F /* Release */,
			);
			defaultConfigurationIsVisible = 0;
			defaultConfigurationName = Release;
		};
		C16920902907B75D0021D17F /* Build configuration list for PBXNativeTarget "WidgetBusUITests" */ = {
			isa = XCConfigurationList;
			buildConfigurations = (
				C16920912907B75D0021D17F /* Debug */,
				C16920922907B75D0021D17F /* Release */,
			);
			defaultConfigurationIsVisible = 0;
			defaultConfigurationName = Release;
		};
/* End XCConfigurationList section */

/* Begin XCVersionGroup section */
		C16920692907B75C0021D17F /* WidgetBus.xcdatamodeld */ = {
			isa = XCVersionGroup;
			children = (
				C169206A2907B75C0021D17F /* WidgetBus.xcdatamodel */,
			);
			currentVersion = C169206A2907B75C0021D17F /* WidgetBus.xcdatamodel */;
			path = WidgetBus.xcdatamodeld;
			sourceTree = "<group>";
			versionGroupType = wrapper.xcdatamodel;
		};
/* End XCVersionGroup section */
	};
	rootObject = C16920552907B75C0021D17F /* Project object */;
}
